
Microsoft Visual Studio Solution File, Format Version 12.00
# Visual Studio 15
VisualStudioVersion = 15.0.28307.271
MinimumVisualStudioVersion = 10.0.40219.1
Project("{888888A0-9F3D-457C-B088-3A5042F75D52}") = "NRE_XML_Parsing", "NRE_XML_Parsing\NRE_XML_Parsing.pyproj", "{7FB60EF6-729E-4D51-970F-84978A9D752B}"
EndProject
Global
	GlobalSection(SolutionConfigurationPlatforms) = preSolution
		Debug|Any CPU = Debug|Any CPU
		Release|Any CPU = Release|Any CPU
	EndGlobalSection
	GlobalSection(ProjectConfigurationPlatforms) = postSolution
		{7FB60EF6-729E-4D51-970F-84978A9D752B}.Debug|Any CPU.ActiveCfg = Debug|Any CPU
		{7FB60EF6-729E-4D51-970F-84978A9D752B}.Release|Any CPU.ActiveCfg = Release|Any CPU
	EndGlobalSection
	GlobalSection(SolutionProperties) = preSolution
		HideSolutionNode = FALSE
	EndGlobalSection
	GlobalSection(ExtensibilityGlobals) = postSolution
		SolutionGuid = {28895A65-17B6-4152-9633-BB391BF51E43}
	EndGlobalSection
EndGlobal
